# THIS IS AN AUTOGENERATED FILE. DO NOT EDIT THIS FILE DIRECTLY.
# yarn lockfile v1


"@rescript/react@mattdamon108/rescript-react#master":
  version "0.10.3"
  resolved "https://codeload.github.com/mattdamon108/rescript-react/tar.gz/ef325291733c8d42a53d87e8317371cbb6381011"

rescript@rescript-lang/rescript-compiler#master:
  version "10.1.0-alpha.1"
  resolved "https://codeload.github.com/rescript-lang/rescript-compiler/tar.gz/16dc2e2858f0d259514c295a4878e44c38b9382b"
